// !$*UTF8*$!
{
	archiveVersion = 1;
	classes = {
	};
	objectVersion = 77;
	objects = {

/* Begin PBXBuildFile section */
		99A672942D0A82BA00961F99 /* Zain-Regular.ttf in Resources */ = {isa = PBXBuildFile; fileRef = 99A672932D0A82BA00961F99 /* Zain-Regular.ttf */; };
/* End PBXBuildFile section */

/* Begin PBXContainerItemProxy section */
		990D3AD92D0A81E300891EF4 /* PBXContainerItemProxy */ = {
			isa = PBXContainerItemProxy;
			containerPortal = 990D3AC02D0A81E200891EF4 /* Project object */;
			proxyType = 1;
			remoteGlobalIDString = 990D3AC72D0A81E200891EF4;
			remoteInfo = mania;
		};
		990D3AE32D0A81E300891EF4 /* PBXContainerItemProxy */ = {
			isa = PBXContainerItemProxy;
			containerPortal = 990D3AC02D0A81E200891EF4 /* Project object */;
			proxyType = 1;
			remoteGlobalIDString = 990D3AC72D0A81E200891EF4;
			remoteInfo = mania;
		};
/* End PBXContainerItemProxy section */

/* Begin PBXFileReference section */
		990825272D0AA4D10094F593 /* prompt.txt */ = {isa = PBXFileReference; lastKnownFileType = text; path = prompt.txt; sourceTree = "<group>"; };
		996DA1542D0A878E004BAAE4 /* mania.app */ = {isa = PBXFileReference; explicitFileType = wrapper.application; includeInIndex = 0; path = mania.app; sourceTree = BUILT_PRODUCTS_DIR; };
		996DA1552D0A878E004BAAE4 /* maniaTests.xctest */ = {isa = PBXFileReference; explicitFileType = wrapper.cfbundle; includeInIndex = 0; path = maniaTests.xctest; sourceTree = BUILT_PRODUCTS_DIR; };
		996DA1562D0A878E004BAAE4 /* maniaUITests.xctest */ = {isa = PBXFileReference; explicitFileType = wrapper.cfbundle; includeInIndex = 0; path = maniaUITests.xctest; sourceTree = BUILT_PRODUCTS_DIR; };
		99A672932D0A82BA00961F99 /* Zain-Regular.ttf */ = {isa = PBXFileReference; lastKnownFileType = file; path = "Zain-Regular.ttf"; sourceTree = "<group>"; };
		99BCA2212D0AC34900184590 /* journal.txt */ = {isa = PBXFileReference; lastKnownFileType = text; path = journal.txt; sourceTree = "<group>"; };
/* End PBXFileReference section */

/* Begin PBXFileSystemSynchronizedRootGroup section */
		990D3ACA2D0A81E200891EF4 /* mania */ = {
			isa = PBXFileSystemSynchronizedRootGroup;
			path = mania;
			sourceTree = "<group>";
		};
		990D3ADB2D0A81E300891EF4 /* maniaTests */ = {
			isa = PBXFileSystemSynchronizedRootGroup;
			path = maniaTests;
			sourceTree = "<group>";
		};
		990D3AE52D0A81E300891EF4 /* maniaUITests */ = {
			isa = PBXFileSystemSynchronizedRootGroup;
			path = maniaUITests;
			sourceTree = "<group>";
		};
/* End PBXFileSystemSynchronizedRootGroup section */

/* Begin PBXFrameworksBuildPhase section */
		990D3AC52D0A81E200891EF4 /* Frameworks */ = {
			isa = PBXFrameworksBuildPhase;
			buildActionMask = 2147483647;
			files = (
			);
			runOnlyForDeploymentPostprocessing = 0;
		};
		990D3AD52D0A81E300891EF4 /* Frameworks */ = {
			isa = PBXFrameworksBuildPhase;
			buildActionMask = 2147483647;
			files = (
			);
			runOnlyForDeploymentPostprocessing = 0;
		};
		990D3ADF2D0A81E300891EF4 /* Frameworks */ = {
			isa = PBXFrameworksBuildPhase;
			buildActionMask = 2147483647;
			files = (
			);
			runOnlyForDeploymentPostprocessing = 0;
		};
/* End PBXFrameworksBuildPhase section */

/* Begin PBXGroup section */
		990D3ABF2D0A81E200891EF4 = {
			isa = PBXGroup;
			children = (
				990D3ACA2D0A81E200891EF4 /* mania */,
				990D3ADB2D0A81E300891EF4 /* maniaTests */,
				990D3AE52D0A81E300891EF4 /* maniaUITests */,
				99A672932D0A82BA00961F99 /* Zain-Regular.ttf */,
				996DA1542D0A878E004BAAE4 /* mania.app */,
				990825272D0AA4D10094F593 /* prompt.txt */,
				996DA1552D0A878E004BAAE4 /* maniaTests.xctest */,
				996DA1562D0A878E004BAAE4 /* maniaUITests.xctest */,
				99BCA2212D0AC34900184590 /* journal.txt */,
			);
			sourceTree = "<group>";
		};
/* End PBXGroup section */

/* Begin PBXNativeTarget section */
		990D3AC72D0A81E200891EF4 /* mania */ = {
			isa = PBXNativeTarget;
			buildConfigurationList = 990D3AEC2D0A81E300891EF4 /* Build configuration list for PBXNativeTarget "mania" */;
			buildPhases = (
				990D3AC42D0A81E200891EF4 /* Sources */,
				990D3AC52D0A81E200891EF4 /* Frameworks */,
				990D3AC62D0A81E200891EF4 /* Resources */,
			);
			buildRules = (
			);
			dependencies = (
			);
			fileSystemSynchronizedGroups = (
				990D3ACA2D0A81E200891EF4 /* mania */,
			);
			name = mania;
			packageProductDependencies = (
			);
			productName = mania;
			productReference = 996DA1542D0A878E004BAAE4 /* mania.app */;
			productType = "com.apple.product-type.application";
		};
		990D3AD72D0A81E300891EF4 /* maniaTests */ = {
			isa = PBXNativeTarget;
			buildConfigurationList = 990D3AEF2D0A81E300891EF4 /* Build configuration list for PBXNativeTarget "maniaTests" */;
			buildPhases = (
				990D3AD42D0A81E300891EF4 /* Sources */,
				990D3AD52D0A81E300891EF4 /* Frameworks */,
				990D3AD62D0A81E300891EF4 /* Resources */,
			);
			buildRules = (
			);
			dependencies = (
				990D3ADA2D0A81E300891EF4 /* PBXTargetDependency */,
			);
			fileSystemSynchronizedGroups = (
				990D3ADB2D0A81E300891EF4 /* maniaTests */,
			);
			name = maniaTests;
			packageProductDependencies = (
			);
			productName = maniaTests;
			productReference = 996DA1552D0A878E004BAAE4 /* maniaTests.xctest */;
			productType = "com.apple.product-type.bundle.unit-test";
		};
		990D3AE12D0A81E300891EF4 /* maniaUITests */ = {
			isa = PBXNativeTarget;
			buildConfigurationList = 990D3AF22D0A81E300891EF4 /* Build configuration list for PBXNativeTarget "maniaUITests" */;
			buildPhases = (
				990D3ADE2D0A81E300891EF4 /* Sources */,
				990D3ADF2D0A81E300891EF4 /* Frameworks */,
				990D3AE02D0A81E300891EF4 /* Resources */,
			);
			buildRules = (
			);
			dependencies = (
				990D3AE42D0A81E300891EF4 /* PBXTargetDependency */,
			);
			fileSystemSynchronizedGroups = (
				990D3AE52D0A81E300891EF4 /* maniaUITests */,
			);
			name = maniaUITests;
			packageProductDependencies = (
			);
			productName = maniaUITests;
			productReference = 996DA1562D0A878E004BAAE4 /* maniaUITests.xctest */;
			productType = "com.apple.product-type.bundle.ui-testing";
		};
/* End PBXNativeTarget section */

/* Begin PBXProject section */
		990D3AC02D0A81E200891EF4 /* Project object */ = {
			isa = PBXProject;
			attributes = {
				BuildIndependentTargetsInParallel = 1;
				LastSwiftUpdateCheck = 1610;
				LastUpgradeCheck = 1610;
				TargetAttributes = {
					990D3AC72D0A81E200891EF4 = {
						CreatedOnToolsVersion = 16.1;
					};
					990D3AD72D0A81E300891EF4 = {
						CreatedOnToolsVersion = 16.1;
						TestTargetID = 990D3AC72D0A81E200891EF4;
					};
					990D3AE12D0A81E300891EF4 = {
						CreatedOnToolsVersion = 16.1;
						TestTargetID = 990D3AC72D0A81E200891EF4;
					};
				};
			};
			buildConfigurationList = 990D3AC32D0A81E200891EF4 /* Build configuration list for PBXProject "mania" */;
			developmentRegion = en;
			hasScannedForEncodings = 0;
			knownRegions = (
				en,
				Base,
			);
			mainGroup = 990D3ABF2D0A81E200891EF4;
			minimizedProjectReferenceProxies = 1;
			preferredProjectObjectVersion = 77;
			productRefGroup = 990D3ABF2D0A81E200891EF4;
			projectDirPath = "";
			projectRoot = "";
			targets = (
				990D3AC72D0A81E200891EF4 /* mania */,
				990D3AD72D0A81E300891EF4 /* maniaTests */,
				990D3AE12D0A81E300891EF4 /* maniaUITests */,
			);
		};
/* End PBXProject section */

/* Begin PBXResourcesBuildPhase section */
		990D3AC62D0A81E200891EF4 /* Resources */ = {
			isa = PBXResourcesBuildPhase;
			buildActionMask = 2147483647;
			files = (
				99A672942D0A82BA00961F99 /* Zain-Regular.ttf in Resources */,
			);
			runOnlyForDeploymentPostprocessing = 0;
		};
		990D3AD62D0A81E300891EF4 /* Resources */ = {
			isa = PBXResourcesBuildPhase;
			buildActionMask = 2147483647;
			files = (
			);
			runOnlyForDeploymentPostprocessing = 0;
		};
		990D3AE02D0A81E300891EF4 /* Resources */ = {
			isa = PBXResourcesBuildPhase;
			buildActionMask = 2147483647;
			files = (
			);
			runOnlyForDeploymentPostprocessing = 0;
		};
/* End PBXResourcesBuildPhase section */

/* Begin PBXSourcesBuildPhase section */
		990D3AC42D0A81E200891EF4 /* Sources */ = {
			isa = PBXSourcesBuildPhase;
			buildActionMask = 2147483647;
			files = (
			);
			runOnlyForDeploymentPostprocessing = 0;
		};
		990D3AD42D0A81E300891EF4 /* Sources */ = {
			isa = PBXSourcesBuildPhase;
			buildActionMask = 2147483647;
			files = (
			);
			runOnlyForDeploymentPostprocessing = 0;
		};
		990D3ADE2D0A81E300891EF4 /* Sources */ = {
			isa = PBXSourcesBuildPhase;
			buildActionMask = 2147483647;
			files = (
			);
			runOnlyForDeploymentPostprocessing = 0;
		};
/* End PBXSourcesBuildPhase section */

/* Begin PBXTargetDependency section */
		990D3ADA2D0A81E300891EF4 /* PBXTargetDependency */ = {
			isa = PBXTargetDependency;
			target = 990D3AC72D0A81E200891EF4 /* mania */;
			targetProxy = 990D3AD92D0A81E300891EF4 /* PBXContainerItemProxy */;
		};
		990D3AE42D0A81E300891EF4 /* PBXTargetDependency */ = {
			isa = PBXTargetDependency;
			target = 990D3AC72D0A81E200891EF4 /* mania */;
			targetProxy = 990D3AE32D0A81E300891EF4 /* PBXContainerItemProxy */;
		};
/* End PBXTargetDependency section */

/* Begin XCBuildConfiguration section */
		990D3AEA2D0A81E300891EF4 /* Debug */ = {
			isa = XCBuildConfiguration;
			buildSettings = {
				ALWAYS_SEARCH_USER_PATHS = NO;
				ASSETCATALOG_COMPILER_GENERATE_SWIFT_ASSET_SYMBOL_EXTENSIONS = YES;
				CLANG_ANALYZER_NONNULL = YES;
				CLANG_ANALYZER_NUMBER_OBJECT_CONVERSION = YES_AGGRESSIVE;
				CLANG_CXX_LANGUAGE_STANDARD = "gnu++20";
				CLANG_ENABLE_MODULES = YES;
				CLANG_ENABLE_OBJC_ARC = YES;
				CLANG_ENABLE_OBJC_WEAK = YES;
				CLANG_WARN_BLOCK_CAPTURE_AUTORELEASING = YES;
				CLANG_WARN_BOOL_CONVERSION = YES;
				CLANG_WARN_COMMA = YES;
				CLANG_WARN_CONSTANT_CONVERSION = YES;
				CLANG_WARN_DEPRECATED_OBJC_IMPLEMENTATIONS = YES;
				CLANG_WARN_DIRECT_OBJC_ISA_USAGE = YES_ERROR;
				CLANG_WARN_DOCUMENTATION_COMMENTS = YES;
				CLANG_WARN_EMPTY_BODY = YES;
				CLANG_WARN_ENUM_CONVERSION = YES;
				CLANG_WARN_INFINITE_RECURSION = YES;
				CLANG_WARN_INT_CONVERSION = YES;
				CLANG_WARN_NON_LITERAL_NULL_CONVERSION = YES;
				CLANG_WARN_OBJC_IMPLICIT_RETAIN_SELF = YES;
				CLANG_WARN_OBJC_LITERAL_CONVERSION = YES;
				CLANG_WARN_OBJC_ROOT_CLASS = YES_ERROR;
				CLANG_WARN_QUOTED_INCLUDE_IN_FRAMEWORK_HEADER = YES;
				CLANG_WARN_RANGE_LOOP_ANALYSIS = YES;
				CLANG_WARN_STRICT_PROTOTYPES = YES;
				CLANG_WARN_SUSPICIOUS_MOVE = YES;
				CLANG_WARN_UNGUARDED_AVAILABILITY = YES_AGGRESSIVE;
				CLANG_WARN_UNREACHABLE_CODE = YES;
				CLANG_WARN__DUPLICATE_METHOD_MATCH = YES;
				COPY_PHASE_STRIP = NO;
				DEBUG_INFORMATION_FORMAT = dwarf;
				ENABLE_STRICT_OBJC_MSGSEND = YES;
				ENABLE_TESTABILITY = YES;
				ENABLE_USER_SCRIPT_SANDBOXING = YES;
				GCC_C_LANGUAGE_STANDARD = gnu17;
				GCC_DYNAMIC_NO_PIC = NO;
				GCC_NO_COMMON_BLOCKS = YES;
				GCC_OPTIMIZATION_LEVEL = 0;
				GCC_PREPROCESSOR_DEFINITIONS = (
					"DEBUG=1",
					"$(inherited)",
				);
				GCC_WARN_64_TO_32_BIT_CONVERSION = YES;
				GCC_WARN_ABOUT_RETURN_TYPE = YES_ERROR;
				GCC_WARN_UNDECLARED_SELECTOR = YES;
				GCC_WARN_UNINITIALIZED_AUTOS = YES_AGGRESSIVE;
				GCC_WARN_UNUSED_FUNCTION = YES;
				GCC_WARN_UNUSED_VARIABLE = YES;
				IPHONEOS_DEPLOYMENT_TARGET = 18.1;
				LOCALIZATION_PREFERS_STRING_CATALOGS = YES;
				MTL_ENABLE_DEBUG_INFO = INCLUDE_SOURCE;
				MTL_FAST_MATH = YES;
				ONLY_ACTIVE_ARCH = YES;
				SDKROOT = iphoneos;
				SWIFT_ACTIVE_COMPILATION_CONDITIONS = "DEBUG $(inherited)";
				SWIFT_OPTIMIZATION_LEVEL = "-Onone";
			};
			name = Debug;
		};
		990D3AEB2D0A81E300891EF4 /* Release */ = {
			isa = XCBuildConfiguration;
			buildSettings = {
				ALWAYS_SEARCH_USER_PATHS = NO;
				ASSETCATALOG_COMPILER_GENERATE_SWIFT_ASSET_SYMBOL_EXTENSIONS = YES;
				CLANG_ANALYZER_NONNULL = YES;
				CLANG_ANALYZER_NUMBER_OBJECT_CONVERSION = YES_AGGRESSIVE;
				CLANG_CXX_LANGUAGE_STANDARD = "gnu++20";
				CLANG_ENABLE_MODULES = YES;
				CLANG_ENABLE_OBJC_ARC = YES;
				CLANG_ENABLE_OBJC_WEAK = YES;
				CLANG_WARN_BLOCK_CAPTURE_AUTORELEASING = YES;
				CLANG_WARN_BOOL_CONVERSION = YES;
				CLANG_WARN_COMMA = YES;
				CLANG_WARN_CONSTANT_CONVERSION = YES;
				CLANG_WARN_DEPRECATED_OBJC_IMPLEMENTATIONS = YES;
				CLANG_WARN_DIRECT_OBJC_ISA_USAGE = YES_ERROR;
				CLANG_WARN_DOCUMENTATION_COMMENTS = YES;
				CLANG_WARN_EMPTY_BODY = YES;
				CLANG_WARN_ENUM_CONVERSION = YES;
				CLANG_WARN_INFINITE_RECURSION = YES;
				CLANG_WARN_INT_CONVERSION = YES;
				CLANG_WARN_NON_LITERAL_NULL_CONVERSION = YES;
				CLANG_WARN_OBJC_IMPLICIT_RETAIN_SELF = YES;
				CLANG_WARN_OBJC_LITERAL_CONVERSION = YES;
				CLANG_WARN_OBJC_ROOT_CLASS = YES_ERROR;
				CLANG_WARN_QUOTED_INCLUDE_IN_FRAMEWORK_HEADER = YES;
				CLANG_WARN_RANGE_LOOP_ANALYSIS = YES;
				CLANG_WARN_STRICT_PROTOTYPES = YES;
				CLANG_WARN_SUSPICIOUS_MOVE = YES;
				CLANG_WARN_UNGUARDED_AVAILABILITY = YES_AGGRESSIVE;
				CLANG_WARN_UNREACHABLE_CODE = YES;
				CLANG_WARN__DUPLICATE_METHOD_MATCH = YES;
				COPY_PHASE_STRIP = NO;
				DEBUG_INFORMATION_FORMAT = "dwarf-with-dsym";
				ENABLE_NS_ASSERTIONS = NO;
				ENABLE_STRICT_OBJC_MSGSEND = YES;
				ENABLE_USER_SCRIPT_SANDBOXING = YES;
				GCC_C_LANGUAGE_STANDARD = gnu17;
				GCC_NO_COMMON_BLOCKS = YES;
				GCC_WARN_64_TO_32_BIT_CONVERSION = YES;
				GCC_WARN_ABOUT_RETURN_TYPE = YES_ERROR;
				GCC_WARN_UNDECLARED_SELECTOR = YES;
				GCC_WARN_UNINITIALIZED_AUTOS = YES_AGGRESSIVE;
				GCC_WARN_UNUSED_FUNCTION = YES;
				GCC_WARN_UNUSED_VARIABLE = YES;
				IPHONEOS_DEPLOYMENT_TARGET = 18.1;
				LOCALIZATION_PREFERS_STRING_CATALOGS = YES;
				MTL_ENABLE_DEBUG_INFO = NO;
				MTL_FAST_MATH = YES;
				SDKROOT = iphoneos;
				SWIFT_COMPILATION_MODE = wholemodule;
				VALIDATE_PRODUCT = YES;
			};
			name = Release;
		};
		990D3AED2D0A81E300891EF4 /* Debug */ = {
			isa = XCBuildConfiguration;
			buildSettings = {
				ASSETCATALOG_COMPILER_APPICON_NAME = AppIcon;
				ASSETCATALOG_COMPILER_GLOBAL_ACCENT_COLOR_NAME = AccentColor;
				CODE_SIGN_STYLE = Automatic;
				CURRENT_PROJECT_VERSION = 1;
				DEVELOPMENT_ASSET_PATHS = "\"mania/Preview Content\"";
				ENABLE_PREVIEWS = YES;
				GENERATE_INFOPLIST_FILE = YES;
				INFOPLIST_KEY_UIApplicationSceneManifest_Generation = YES;
				INFOPLIST_KEY_UIApplicationSupportsIndirectInputEvents = YES;
				INFOPLIST_KEY_UILaunchScreen_Generation = YES;
				INFOPLIST_KEY_UISupportedInterfaceOrientations_iPad = "UIInterfaceOrientationPortrait UIInterfaceOrientationPortraitUpsideDown UIInterfaceOrientationLandscapeLeft UIInterfaceOrientationLandscapeRight";
				INFOPLIST_KEY_UISupportedInterfaceOrientations_iPhone = "UIInterfaceOrientationPortrait UIInterfaceOrientationLandscapeLeft UIInterfaceOrientationLandscapeRight";
				LD_RUNPATH_SEARCH_PATHS = (
					"$(inherited)",
					"@executable_path/Frameworks",
				);
				MARKETING_VERSION = 1.0;
				PRODUCT_BUNDLE_IDENTIFIER = zain.mania;
				PRODUCT_NAME = "$(TARGET_NAME)";
				SWIFT_EMIT_LOC_STRINGS = YES;
				SWIFT_VERSION = 5.0;
				TARGETED_DEVICE_FAMILY = "1,2";
			};
			name = Debug;
		};
		990D3AEE2D0A81E300891EF4 /* Release */ = {
			isa = XCBuildConfiguration;
			buildSettings = {
				ASSETCATALOG_COMPILER_APPICON_NAME = AppIcon;
				ASSETCATALOG_COMPILER_GLOBAL_ACCENT_COLOR_NAME = AccentColor;
				CODE_SIGN_STYLE = Automatic;
				CURRENT_PROJECT_VERSION = 1;
				DEVELOPMENT_ASSET_PATHS = "\"mania/Preview Content\"";
				ENABLE_PREVIEWS = YES;
				GENERATE_INFOPLIST_FILE = YES;
				INFOPLIST_KEY_UIApplicationSceneManifest_Generation = YES;
				INFOPLIST_KEY_UIApplicationSupportsIndirectInputEvents = YES;
				INFOPLIST_KEY_UILaunchScreen_Generation = YES;
				INFOPLIST_KEY_UISupportedInterfaceOrientations_iPad = "UIInterfaceOrientationPortrait UIInterfaceOrientationPortraitUpsideDown UIInterfaceOrientationLandscapeLeft UIInterfaceOrientationLandscapeRight";
				INFOPLIST_KEY_UISupportedInterfaceOrientations_iPhone = "UIInterfaceOrientationPortrait UIInterfaceOrientationLandscapeLeft UIInterfaceOrientationLandscapeRight";
				LD_RUNPATH_SEARCH_PATHS = (
					"$(inherited)",
					"@executable_path/Frameworks",
				);
				MARKETING_VERSION = 1.0;
				PRODUCT_BUNDLE_IDENTIFIER = zain.mania;
				PRODUCT_NAME = "$(TARGET_NAME)";
				SWIFT_EMIT_LOC_STRINGS = YES;
				SWIFT_VERSION = 5.0;
				TARGETED_DEVICE_FAMILY = "1,2";
			};
			name = Release;
		};
		990D3AF02D0A81E300891EF4 /* Debug */ = {
			isa = XCBuildConfiguration;
			buildSettings = {
				BUNDLE_LOADER = "$(TEST_HOST)";
				CODE_SIGN_STYLE = Automatic;
				CURRENT_PROJECT_VERSION = 1;
				GENERATE_INFOPLIST_FILE = YES;
				IPHONEOS_DEPLOYMENT_TARGET = 18.1;
				MARKETING_VERSION = 1.0;
				PRODUCT_BUNDLE_IDENTIFIER = zain.maniaTests;
				PRODUCT_NAME = "$(TARGET_NAME)";
				SWIFT_EMIT_LOC_STRINGS = NO;
				SWIFT_VERSION = 5.0;
				TARGETED_DEVICE_FAMILY = "1,2";
				TEST_HOST = "$(BUILT_PRODUCTS_DIR)/mania.app/$(BUNDLE_EXECUTABLE_FOLDER_PATH)/mania";
			};
			name = Debug;
		};
		990D3AF12D0A81E300891EF4 /* Release */ = {
			isa = XCBuildConfiguration;
			buildSettings = {
				BUNDLE_LOADER = "$(TEST_HOST)";
				CODE_SIGN_STYLE = Automatic;
				CURRENT_PROJECT_VERSION = 1;
				GENERATE_INFOPLIST_FILE = YES;
				IPHONEOS_DEPLOYMENT_TARGET = 18.1;
				MARKETING_VERSION = 1.0;
				PRODUCT_BUNDLE_IDENTIFIER = zain.maniaTests;
				PRODUCT_NAME = "$(TARGET_NAME)";
				SWIFT_EMIT_LOC_STRINGS = NO;
				SWIFT_VERSION = 5.0;
				TARGETED_DEVICE_FAMILY = "1,2";
				TEST_HOST = "$(BUILT_PRODUCTS_DIR)/mania.app/$(BUNDLE_EXECUTABLE_FOLDER_PATH)/mania";
			};
			name = Release;
		};
		990D3AF32D0A81E300891EF4 /* Debug */ = {
			isa = XCBuildConfiguration;
			buildSettings = {
				CODE_SIGN_STYLE = Automatic;
				CURRENT_PROJECT_VERSION = 1;
				GENERATE_INFOPLIST_FILE = YES;
				MARKETING_VERSION = 1.0;
				PRODUCT_BUNDLE_IDENTIFIER = zain.maniaUITests;
				PRODUCT_NAME = "$(TARGET_NAME)";
				SWIFT_EMIT_LOC_STRINGS = NO;
				SWIFT_VERSION = 5.0;
				TARGETED_DEVICE_FAMILY = "1,2";
				TEST_TARGET_NAME = mania;
			};
			name = Debug;
		};
		990D3AF42D0A81E300891EF4 /* Release */ = {
			isa = XCBuildConfiguration;
			buildSettings = {
				CODE_SIGN_STYLE = Automatic;
				CURRENT_PROJECT_VERSION = 1;
				GENERATE_INFOPLIST_FILE = YES;
				MARKETING_VERSION = 1.0;
				PRODUCT_BUNDLE_IDENTIFIER = zain.maniaUITests;
				PRODUCT_NAME = "$(TARGET_NAME)";
				SWIFT_EMIT_LOC_STRINGS = NO;
				SWIFT_VERSION = 5.0;
				TARGETED_DEVICE_FAMILY = "1,2";
				TEST_TARGET_NAME = mania;
			};
			name = Release;
		};
/* End XCBuildConfiguration section */

/* Begin XCConfigurationList section */
		990D3AC32D0A81E200891EF4 /* Build configuration list for PBXProject "mania" */ = {
			isa = XCConfigurationList;
			buildConfigurations = (
				990D3AEA2D0A81E300891EF4 /* Debug */,
				990D3AEB2D0A81E300891EF4 /* Release */,
			);
			defaultConfigurationIsVisible = 0;
			defaultConfigurationName = Release;
		};
		990D3AEC2D0A81E300891EF4 /* Build configuration list for PBXNativeTarget "mania" */ = {
			isa = XCConfigurationList;
			buildConfigurations = (
				990D3AED2D0A81E300891EF4 /* Debug */,
				990D3AEE2D0A81E300891EF4 /* Release */,
			);
			defaultConfigurationIsVisible = 0;
			defaultConfigurationName = Release;
		};
		990D3AEF2D0A81E300891EF4 /* Build configuration list for PBXNativeTarget "maniaTests" */ = {
			isa = XCConfigurationList;
			buildConfigurations = (
				990D3AF02D0A81E300891EF4 /* Debug */,
				990D3AF12D0A81E300891EF4 /* Release */,
			);
			defaultConfigurationIsVisible = 0;
			defaultConfigurationName = Release;
		};
		990D3AF22D0A81E300891EF4 /* Build configuration list for PBXNativeTarget "maniaUITests" */ = {
			isa = XCConfigurationList;
			buildConfigurations = (
				990D3AF32D0A81E300891EF4 /* Debug */,
				990D3AF42D0A81E300891EF4 /* Release */,
			);
			defaultConfigurationIsVisible = 0;
			defaultConfigurationName = Release;
		};
/* End XCConfigurationList section */
	};
	rootObject = 990D3AC02D0A81E200891EF4 /* Project object */;
}
